{
  "version": 4,
  "terraform_version": "1.1.6",
  "serial": 3,
  "lineage": "928d8e52-3e9a-fab2-7d0e-109e56287489",
  "outputs": {},
  "resources": [
    {
      "mode": "managed",
      "type": "azurerm_resource_group",
      "name": "example",
      "provider": "provider[\"registry.terraform.io/hashicorp/azurerm\"]",
      "instances": [
        {
          "schema_version": 0,
          "attributes": {
            "id": "/subscriptions/e6f38b33-7155-431b-a37f-5a7233af70f0/resourceGroups/new-mod-rg",
            "location": "westeurope",
            "name": "new-mod-rg",
            "tags": null,
            "timeouts": null
          },
          "sensitive_attributes": [],
          "private": "eyJlMmJmYjczMC1lY2FhLTExZTYtOGY4OC0zNDM2M2JjN2M0YzAiOnsiY3JlYXRlIjo1NDAwMDAwMDAwMDAwLCJkZWxldGUiOjU0MDAwMDAwMDAwMDAsInJlYWQiOjMwMDAwMDAwMDAwMCwidXBkYXRlIjo1NDAwMDAwMDAwMDAwfX0="
        }
      ]
    },
    {
      "mode": "managed",
      "type": "azurerm_storage_account",
      "name": "example",
      "provider": "provider[\"registry.terraform.io/hashicorp/azurerm\"]",
      "instances": [
        {
          "schema_version": 2,
          "attributes": {
            "access_tier": "Hot",
            "account_kind": "StorageV2",
            "account_replication_type": "ZRS",
            "account_tier": "Standard",
            "allow_blob_public_access": false,
            "azure_files_authentication": [],
            "blob_properties": [
              {
                "change_feed_enabled": false,
                "container_delete_retention_policy": [],
                "cors_rule": [],
                "default_service_version": "",
                "delete_retention_policy": [],
                "last_access_time_enabled": false,
                "versioning_enabled": false
              }
            ],
            "custom_domain": [],
            "customer_managed_key": [],
            "enable_https_traffic_only": true,
            "id": "/subscriptions/e6f38b33-7155-431b-a37f-5a7233af70f0/resourceGroups/new-mod-rg/providers/Microsoft.Storage/storageAccounts/newmodestorageaccnt",
            "identity": [],
            "infrastructure_encryption_enabled": false,
            "is_hns_enabled": false,
            "large_file_share_enabled": null,
            "location": "westeurope",
            "min_tls_version": "TLS1_0",
            "name": "newmodestorageaccnt",
            "network_rules": [
              {
                "bypass": [
                  "AzureServices"
                ],
                "default_action": "Allow",
                "ip_rules": [],
                "private_link_access": [],
                "virtual_network_subnet_ids": []
              }
            ],
            "nfsv3_enabled": false,
            "primary_access_key": "IW9G2rapw4c/gsj8LbbvPfxNH2COK/B2xYC9H/LE0CT9WSUgi7MUee9mfXOSECQ4EXmzOi5zMP3xM4HLgbGZ6w==",
            "primary_blob_connection_string": "DefaultEndpointsProtocol=https;BlobEndpoint=https://newmodestorageaccnt.blob.core.windows.net/;AccountName=newmodestorageaccnt;AccountKey=IW9G2rapw4c/gsj8LbbvPfxNH2COK/B2xYC9H/LE0CT9WSUgi7MUee9mfXOSECQ4EXmzOi5zMP3xM4HLgbGZ6w==",
            "primary_blob_endpoint": "https://newmodestorageaccnt.blob.core.windows.net/",
            "primary_blob_host": "newmodestorageaccnt.blob.core.windows.net",
            "primary_connection_string": "DefaultEndpointsProtocol=https;AccountName=newmodestorageaccnt;AccountKey=IW9G2rapw4c/gsj8LbbvPfxNH2COK/B2xYC9H/LE0CT9WSUgi7MUee9mfXOSECQ4EXmzOi5zMP3xM4HLgbGZ6w==;EndpointSuffix=core.windows.net",
            "primary_dfs_endpoint": "https://newmodestorageaccnt.dfs.core.windows.net/",
            "primary_dfs_host": "newmodestorageaccnt.dfs.core.windows.net",
            "primary_file_endpoint": "https://newmodestorageaccnt.file.core.windows.net/",
            "primary_file_host": "newmodestorageaccnt.file.core.windows.net",
            "primary_location": "westeurope",
            "primary_queue_endpoint": "https://newmodestorageaccnt.queue.core.windows.net/",
            "primary_queue_host": "newmodestorageaccnt.queue.core.windows.net",
            "primary_table_endpoint": "https://newmodestorageaccnt.table.core.windows.net/",
            "primary_table_host": "newmodestorageaccnt.table.core.windows.net",
            "primary_web_endpoint": "https://newmodestorageaccnt.z6.web.core.windows.net/",
            "primary_web_host": "newmodestorageaccnt.z6.web.core.windows.net",
            "queue_encryption_key_type": "Service",
            "queue_properties": [
              {
                "cors_rule": [],
                "hour_metrics": [
                  {
                    "enabled": true,
                    "include_apis": true,
                    "retention_policy_days": 7,
                    "version": "1.0"
                  }
                ],
                "logging": [
                  {
                    "delete": false,
                    "read": false,
                    "retention_policy_days": 0,
                    "version": "1.0",
                    "write": false
                  }
                ],
                "minute_metrics": [
                  {
                    "enabled": false,
                    "include_apis": false,
                    "retention_policy_days": 0,
                    "version": "1.0"
                  }
                ]
              }
            ],
            "resource_group_name": "new-mod-rg",
            "routing": [],
            "secondary_access_key": "014/W4Je3NsQ7L7c/EfmZpQkAumdZo8lus/zCJZ5P9VsHYKo/OZV9CgCr0FRhYFVimbrerz117D+ijkaFGSuHg==",
            "secondary_blob_connection_string": "",
            "secondary_blob_endpoint": null,
            "secondary_blob_host": null,
            "secondary_connection_string": "DefaultEndpointsProtocol=https;AccountName=newmodestorageaccnt;AccountKey=014/W4Je3NsQ7L7c/EfmZpQkAumdZo8lus/zCJZ5P9VsHYKo/OZV9CgCr0FRhYFVimbrerz117D+ijkaFGSuHg==;EndpointSuffix=core.windows.net",
            "secondary_dfs_endpoint": null,
            "secondary_dfs_host": null,
            "secondary_file_endpoint": null,
            "secondary_file_host": null,
            "secondary_location": "",
            "secondary_queue_endpoint": null,
            "secondary_queue_host": null,
            "secondary_table_endpoint": null,
            "secondary_table_host": null,
            "secondary_web_endpoint": null,
            "secondary_web_host": null,
            "share_properties": [
              {
                "cors_rule": [],
                "retention_policy": [
                  {
                    "days": 7
                  }
                ],
                "smb": []
              }
            ],
            "shared_access_key_enabled": true,
            "static_website": [],
            "table_encryption_key_type": "Service",
            "tags": null,
            "timeouts": null
          },
          "sensitive_attributes": [],
          "private": "eyJlMmJmYjczMC1lY2FhLTExZTYtOGY4OC0zNDM2M2JjN2M0YzAiOnsiY3JlYXRlIjozNjAwMDAwMDAwMDAwLCJkZWxldGUiOjM2MDAwMDAwMDAwMDAsInJlYWQiOjMwMDAwMDAwMDAwMCwidXBkYXRlIjozNjAwMDAwMDAwMDAwfSwic2NoZW1hX3ZlcnNpb24iOiIyIn0=",
          "dependencies": [
            "azurerm_resource_group.example"
          ]
        }
      ]
    }
  ]
}
